
Microsoft Visual Studio Solution File, Format Version 12.00
# Visual Studio Version 17
VisualStudioVersion = 17.7.34202.233
MinimumVisualStudioVersion = 10.0.40219.1
Project("{9A19103F-16F7-4668-BE54-9A1E7A4F7556}") = "TypesAndVariables", "TypesAndVariables\TypesAndVariables.csproj", "{5DF5A5D6-C2D6-4D31-8C26-90D8EE95E27E}"
EndProject
Project("{9A19103F-16F7-4668-BE54-9A1E7A4F7556}") = "Conditionals", "Conditionals\Conditionals.csproj", "{0008D63B-B4B9-4682-B650-45C1E0C8206D}"
EndProject
Project("{9A19103F-16F7-4668-BE54-9A1E7A4F7556}") = "Methods", "Methods\Methods.csproj", "{396B1BE7-9088-4072-AC63-5C8AB46122F0}"
EndProject
Project("{FAE04EC0-301F-11D3-BF4B-00C04F79EFBC}") = "Arrays1", "Arrays1\Arrays1.csproj", "{CEA09C2E-6639-4F6B-8BED-57EB5B0C13D1}"
EndProject
Global
	GlobalSection(SolutionConfigurationPlatforms) = preSolution
		Debug|Any CPU = Debug|Any CPU
		Release|Any CPU = Release|Any CPU
	EndGlobalSection
	GlobalSection(ProjectConfigurationPlatforms) = postSolution
		{5DF5A5D6-C2D6-4D31-8C26-90D8EE95E27E}.Debug|Any CPU.ActiveCfg = Debug|Any CPU
		{5DF5A5D6-C2D6-4D31-8C26-90D8EE95E27E}.Debug|Any CPU.Build.0 = Debug|Any CPU
		{5DF5A5D6-C2D6-4D31-8C26-90D8EE95E27E}.Release|Any CPU.ActiveCfg = Release|Any CPU
		{5DF5A5D6-C2D6-4D31-8C26-90D8EE95E27E}.Release|Any CPU.Build.0 = Release|Any CPU
		{0008D63B-B4B9-4682-B650-45C1E0C8206D}.Debug|Any CPU.ActiveCfg = Debug|Any CPU
		{0008D63B-B4B9-4682-B650-45C1E0C8206D}.Debug|Any CPU.Build.0 = Debug|Any CPU
		{0008D63B-B4B9-4682-B650-45C1E0C8206D}.Release|Any CPU.ActiveCfg = Release|Any CPU
		{0008D63B-B4B9-4682-B650-45C1E0C8206D}.Release|Any CPU.Build.0 = Release|Any CPU
		{396B1BE7-9088-4072-AC63-5C8AB46122F0}.Debug|Any CPU.ActiveCfg = Debug|Any CPU
		{396B1BE7-9088-4072-AC63-5C8AB46122F0}.Debug|Any CPU.Build.0 = Debug|Any CPU
		{396B1BE7-9088-4072-AC63-5C8AB46122F0}.Release|Any CPU.ActiveCfg = Release|Any CPU
		{396B1BE7-9088-4072-AC63-5C8AB46122F0}.Release|Any CPU.Build.0 = Release|Any CPU
		{CEA09C2E-6639-4F6B-8BED-57EB5B0C13D1}.Debug|Any CPU.ActiveCfg = Debug|Any CPU
		{CEA09C2E-6639-4F6B-8BED-57EB5B0C13D1}.Debug|Any CPU.Build.0 = Debug|Any CPU
		{CEA09C2E-6639-4F6B-8BED-57EB5B0C13D1}.Release|Any CPU.ActiveCfg = Release|Any CPU
		{CEA09C2E-6639-4F6B-8BED-57EB5B0C13D1}.Release|Any CPU.Build.0 = Release|Any CPU
	EndGlobalSection
	GlobalSection(SolutionProperties) = preSolution
		HideSolutionNode = FALSE
	EndGlobalSection
	GlobalSection(ExtensibilityGlobals) = postSolution
		SolutionGuid = {57E65416-6276-47C6-94FB-3699FA68EDE3}
	EndGlobalSection
EndGlobal
