
Microsoft Visual Studio Solution File, Format Version 12.00
# Visual Studio Version 17
VisualStudioVersion = 17.7.34202.233
MinimumVisualStudioVersion = 10.0.40219.1
Project("{FAE04EC0-301F-11D3-BF4B-00C04F79EFBC}") = "TypesAndVariables", "TypesAndVariables\TypesAndVariables.csproj", "{5DF5A5D6-C2D6-4D31-8C26-90D8EE95E27E}"
EndProject
Global
	GlobalSection(SolutionConfigurationPlatforms) = preSolution
		Debug|Any CPU = Debug|Any CPU
		Release|Any CPU = Release|Any CPU
	EndGlobalSection
	GlobalSection(ProjectConfigurationPlatforms) = postSolution
		{5DF5A5D6-C2D6-4D31-8C26-90D8EE95E27E}.Debug|Any CPU.ActiveCfg = Debug|Any CPU
		{5DF5A5D6-C2D6-4D31-8C26-90D8EE95E27E}.Debug|Any CPU.Build.0 = Debug|Any CPU
		{5DF5A5D6-C2D6-4D31-8C26-90D8EE95E27E}.Release|Any CPU.ActiveCfg = Release|Any CPU
		{5DF5A5D6-C2D6-4D31-8C26-90D8EE95E27E}.Release|Any CPU.Build.0 = Release|Any CPU
	EndGlobalSection
	GlobalSection(SolutionProperties) = preSolution
		HideSolutionNode = FALSE
	EndGlobalSection
	GlobalSection(ExtensibilityGlobals) = postSolution
		SolutionGuid = {57E65416-6276-47C6-94FB-3699FA68EDE3}
	EndGlobalSection
EndGlobal
